<?xml version="1.0" encoding="utf-8"?>
<Project ToolsVersion="12.0" xmlns="http://schemas.microsoft.com/developer/msbuild/2003">
  <ItemGroup>
    <Filter Include="Common">
      <UniqueIdentifier>36843129-a7b1-47bd-a715-dfe350f8d482</UniqueIdentifier>
    </Filter>
    <Filter Include="Assets">
      <UniqueIdentifier>728ba5f3-ac7d-4a79-9e9d-eac18dfa4cab</UniqueIdentifier>
      <Extensions>bmp;fbx;gif;jpg;jpeg;tga;tiff;tif;png</Extensions>
    </Filter>
    <Image Include="Assets\Logo.scale-100.png">
      <Filter>Assets</Filter>
    </Image>
    <Image Include="Assets\SmallLogo.scale-100.png">
      <Filter>Assets</Filter>
    </Image>
    <Image Include="Assets\StoreLogo.scale-100.png">
      <Filter>Assets</Filter>
    </Image>
    <Image Include="Assets\SplashScreen.scale-100.png">
      <Filter>Assets</Filter>
    </Image>
  </ItemGroup>
  <ItemGroup>
    <ApplicationDefinition Include="App.xaml" />
  </ItemGroup>
  <ItemGroup>
    <ClCompile Include="App.xaml.cpp" />
    <ClCompile Include="pch.cpp" />
    <ClCompile Include="ComCalManager.cpp" />
    <ClCompile Include="DayPage.xaml.cpp" />
    <ClCompile Include="MonthPage.xaml.cpp" />
    <ClCompile Include="WeekPage.xaml.cpp" />
  </ItemGroup>
  <ItemGroup>
    <ClInclude Include="pch.h" />
    <ClInclude Include="App.xaml.h" />
    <ClInclude Include="ComCalManager.h" />
    <ClInclude Include="DayPage.xaml.h" />
    <ClInclude Include="MonthPage.xaml.h" />
    <ClInclude Include="WeekPage.xaml.h" />
  </ItemGroup>
  <ItemGroup>
    <AppxManifest Include="Package.appxmanifest" />
  </ItemGroup>
  <ItemGroup>
    <None Include="ComCal_v1_TemporaryKey.pfx" />
  </ItemGroup>
  <ItemGroup>
    <Page Include="MonthPage.xaml" />
    <Page Include="WeekPage.xaml" />
    <Page Include="DayPage.xaml" />
  </ItemGroup>
</Project>